// !$*UTF8*$!
{
	archiveVersion = 1;
	classes = {
	};
	objectVersion = 46;
	objects = {

/* Begin PBXBuildFile section */
		9F23A53E1B0B6D7C00C76943 /* AppDelegate.swift in Sources */ = {isa = PBXBuildFile; fileRef = 9F23A53D1B0B6D7C00C76943 /* AppDelegate.swift */; };
		9F23A5401B0B6D7C00C76943 /* ViewController.swift in Sources */ = {isa = PBXBuildFile; fileRef = 9F23A53F1B0B6D7C00C76943 /* ViewController.swift */; };
		9F23A5431B0B6D7C00C76943 /* Main.storyboard in Resources */ = {isa = PBXBuildFile; fileRef = 9F23A5411B0B6D7C00C76943 /* Main.storyboard */; };
		9F23A5451B0B6D7C00C76943 /* Images.xcassets in Resources */ = {isa = PBXBuildFile; fileRef = 9F23A5441B0B6D7C00C76943 /* Images.xcassets */; };
		9F23A5481B0B6D7C00C76943 /* LaunchScreen.xib in Resources */ = {isa = PBXBuildFile; fileRef = 9F23A5461B0B6D7C00C76943 /* LaunchScreen.xib */; };
		9F23A5541B0B6D7C00C76943 /* V2EXTests.swift in Sources */ = {isa = PBXBuildFile; fileRef = 9F23A5531B0B6D7C00C76943 /* V2EXTests.swift */; };
		9F23A5671B0B6D8400C76943 /* InterfaceController.swift in Sources */ = {isa = PBXBuildFile; fileRef = 9F23A5661B0B6D8400C76943 /* InterfaceController.swift */; };
		9F23A5691B0B6D8400C76943 /* NotificationController.swift in Sources */ = {isa = PBXBuildFile; fileRef = 9F23A5681B0B6D8400C76943 /* NotificationController.swift */; };
		9F23A56B1B0B6D8400C76943 /* Images.xcassets in Resources */ = {isa = PBXBuildFile; fileRef = 9F23A56A1B0B6D8400C76943 /* Images.xcassets */; };
		9F23A5771B0B6D8400C76943 /* Interface.storyboard in Resources */ = {isa = PBXBuildFile; fileRef = 9F23A5751B0B6D8400C76943 /* Interface.storyboard */; };
		9F23A5791B0B6D8400C76943 /* Images.xcassets in Resources */ = {isa = PBXBuildFile; fileRef = 9F23A5781B0B6D8400C76943 /* Images.xcassets */; };
		9F23A58C1B0B6DF600C76943 /* Issue.swift in Sources */ = {isa = PBXBuildFile; fileRef = 9F23A5841B0B6DF600C76943 /* Issue.swift */; };
		9F23A58D1B0B6DF600C76943 /* IssueDetailInterfaceController.swift in Sources */ = {isa = PBXBuildFile; fileRef = 9F23A5851B0B6DF600C76943 /* IssueDetailInterfaceController.swift */; };
		9F23A58E1B0B6DF600C76943 /* LoadMoreCell.swift in Sources */ = {isa = PBXBuildFile; fileRef = 9F23A5861B0B6DF600C76943 /* LoadMoreCell.swift */; };
		9F23A58F1B0B6DF600C76943 /* Member.swift in Sources */ = {isa = PBXBuildFile; fileRef = 9F23A5871B0B6DF600C76943 /* Member.swift */; };
		9F23A5901B0B6DF600C76943 /* Node.swift in Sources */ = {isa = PBXBuildFile; fileRef = 9F23A5881B0B6DF600C76943 /* Node.swift */; };
		9F23A5911B0B6DF600C76943 /* TimelineCell.swift in Sources */ = {isa = PBXBuildFile; fileRef = 9F23A5891B0B6DF600C76943 /* TimelineCell.swift */; };
		9F23A5921B0B6DF600C76943 /* TimelineInterfaceController.swift in Sources */ = {isa = PBXBuildFile; fileRef = 9F23A58A1B0B6DF600C76943 /* TimelineInterfaceController.swift */; };
		9F23A5931B0B6DF600C76943 /* Utils.swift in Sources */ = {isa = PBXBuildFile; fileRef = 9F23A58B1B0B6DF600C76943 /* Utils.swift */; };
		9F7C818A1B5C982500209FEC /* V2EX WatchKit Extension.appex in Embed App Extensions */ = {isa = PBXBuildFile; fileRef = 9F23A5611B0B6D8400C76943 /* V2EX WatchKit Extension.appex */; settings = {ATTRIBUTES = (RemoveHeadersOnCopy, ); }; };
		9F7C818D1B5C982500209FEC /* V2EX WatchKit App.app in Embed Watch Content */ = {isa = PBXBuildFile; fileRef = 9F23A56E1B0B6D8400C76943 /* V2EX WatchKit App.app */; };
/* End PBXBuildFile section */

/* Begin PBXContainerItemProxy section */
		9F23A54E1B0B6D7C00C76943 /* PBXContainerItemProxy */ = {
			isa = PBXContainerItemProxy;
			containerPortal = 9F23A5301B0B6D7C00C76943 /* Project object */;
			proxyType = 1;
			remoteGlobalIDString = 9F23A5371B0B6D7C00C76943;
			remoteInfo = V2EX;
		};
		9F7C81881B5C982500209FEC /* PBXContainerItemProxy */ = {
			isa = PBXContainerItemProxy;
			containerPortal = 9F23A5301B0B6D7C00C76943 /* Project object */;
			proxyType = 1;
			remoteGlobalIDString = 9F23A5601B0B6D8400C76943;
			remoteInfo = "V2EX WatchKit Extension";
		};
		9F7C818B1B5C982500209FEC /* PBXContainerItemProxy */ = {
			isa = PBXContainerItemProxy;
			containerPortal = 9F23A5301B0B6D7C00C76943 /* Project object */;
			proxyType = 1;
			remoteGlobalIDString = 9F23A56D1B0B6D8400C76943;
			remoteInfo = "V2EX WatchKit App";
		};
/* End PBXContainerItemProxy section */

/* Begin PBXCopyFilesBuildPhase section */
		9F7C818E1B5C982500209FEC /* Embed App Extensions */ = {
			isa = PBXCopyFilesBuildPhase;
			buildActionMask = 2147483647;
			dstPath = "";
			dstSubfolderSpec = 13;
			files = (
				9F7C818A1B5C982500209FEC /* V2EX WatchKit Extension.appex in Embed App Extensions */,
			);
			name = "Embed App Extensions";
			runOnlyForDeploymentPostprocessing = 0;
		};
		9F7C818F1B5C982500209FEC /* Embed Watch Content */ = {
			isa = PBXCopyFilesBuildPhase;
			buildActionMask = 2147483647;
			dstPath = "$(CONTENTS_FOLDER_PATH)/Watch";
			dstSubfolderSpec = 16;
			files = (
				9F7C818D1B5C982500209FEC /* V2EX WatchKit App.app in Embed Watch Content */,
			);
			name = "Embed Watch Content";
			runOnlyForDeploymentPostprocessing = 0;
		};
/* End PBXCopyFilesBuildPhase section */

/* Begin PBXFileReference section */
		71A36BB714652B3915A22574 /* Pods_V2EX_WatchKit_Extension.framework */ = {isa = PBXFileReference; explicitFileType = wrapper.framework; includeInIndex = 0; path = Pods_V2EX_WatchKit_Extension.framework; sourceTree = BUILT_PRODUCTS_DIR; };
		9F23A5381B0B6D7C00C76943 /* V2EX.app */ = {isa = PBXFileReference; explicitFileType = wrapper.application; includeInIndex = 0; path = V2EX.app; sourceTree = BUILT_PRODUCTS_DIR; };
		9F23A53C1B0B6D7C00C76943 /* Info.plist */ = {isa = PBXFileReference; lastKnownFileType = text.plist.xml; path = Info.plist; sourceTree = "<group>"; };
		9F23A53D1B0B6D7C00C76943 /* AppDelegate.swift */ = {isa = PBXFileReference; lastKnownFileType = sourcecode.swift; path = AppDelegate.swift; sourceTree = "<group>"; };
		9F23A53F1B0B6D7C00C76943 /* ViewController.swift */ = {isa = PBXFileReference; lastKnownFileType = sourcecode.swift; path = ViewController.swift; sourceTree = "<group>"; };
		9F23A5421B0B6D7C00C76943 /* Base */ = {isa = PBXFileReference; lastKnownFileType = file.storyboard; name = Base; path = Base.lproj/Main.storyboard; sourceTree = "<group>"; };
		9F23A5441B0B6D7C00C76943 /* Images.xcassets */ = {isa = PBXFileReference; lastKnownFileType = folder.assetcatalog; path = Images.xcassets; sourceTree = "<group>"; };
		9F23A5471B0B6D7C00C76943 /* Base */ = {isa = PBXFileReference; lastKnownFileType = file.xib; name = Base; path = Base.lproj/LaunchScreen.xib; sourceTree = "<group>"; };
		9F23A54D1B0B6D7C00C76943 /* V2EXTests.xctest */ = {isa = PBXFileReference; explicitFileType = wrapper.cfbundle; includeInIndex = 0; path = V2EXTests.xctest; sourceTree = BUILT_PRODUCTS_DIR; };
		9F23A5521B0B6D7C00C76943 /* Info.plist */ = {isa = PBXFileReference; lastKnownFileType = text.plist.xml; path = Info.plist; sourceTree = "<group>"; };
		9F23A5531B0B6D7C00C76943 /* V2EXTests.swift */ = {isa = PBXFileReference; lastKnownFileType = sourcecode.swift; path = V2EXTests.swift; sourceTree = "<group>"; };
		9F23A5611B0B6D8400C76943 /* V2EX WatchKit Extension.appex */ = {isa = PBXFileReference; explicitFileType = "wrapper.app-extension"; includeInIndex = 0; path = "V2EX WatchKit Extension.appex"; sourceTree = BUILT_PRODUCTS_DIR; };
		9F23A5641B0B6D8400C76943 /* Info.plist */ = {isa = PBXFileReference; lastKnownFileType = text.plist.xml; path = Info.plist; sourceTree = "<group>"; };
		9F23A5651B0B6D8400C76943 /* PushNotificationPayload.apns */ = {isa = PBXFileReference; lastKnownFileType = text; path = PushNotificationPayload.apns; sourceTree = "<group>"; };
		9F23A5661B0B6D8400C76943 /* InterfaceController.swift */ = {isa = PBXFileReference; lastKnownFileType = sourcecode.swift; path = InterfaceController.swift; sourceTree = "<group>"; };
		9F23A5681B0B6D8400C76943 /* NotificationController.swift */ = {isa = PBXFileReference; lastKnownFileType = sourcecode.swift; path = NotificationController.swift; sourceTree = "<group>"; };
		9F23A56A1B0B6D8400C76943 /* Images.xcassets */ = {isa = PBXFileReference; lastKnownFileType = folder.assetcatalog; path = Images.xcassets; sourceTree = "<group>"; };
		9F23A56E1B0B6D8400C76943 /* V2EX WatchKit App.app */ = {isa = PBXFileReference; explicitFileType = wrapper.application; includeInIndex = 0; path = "V2EX WatchKit App.app"; sourceTree = BUILT_PRODUCTS_DIR; };
		9F23A5741B0B6D8400C76943 /* Info.plist */ = {isa = PBXFileReference; lastKnownFileType = text.plist.xml; path = Info.plist; sourceTree = "<group>"; };
		9F23A5761B0B6D8400C76943 /* Base */ = {isa = PBXFileReference; lastKnownFileType = file.storyboard; name = Base; path = Base.lproj/Interface.storyboard; sourceTree = "<group>"; };
		9F23A5781B0B6D8400C76943 /* Images.xcassets */ = {isa = PBXFileReference; lastKnownFileType = folder.assetcatalog; path = Images.xcassets; sourceTree = "<group>"; };
		9F23A5841B0B6DF600C76943 /* Issue.swift */ = {isa = PBXFileReference; fileEncoding = 4; lastKnownFileType = sourcecode.swift; path = Issue.swift; sourceTree = "<group>"; };
		9F23A5851B0B6DF600C76943 /* IssueDetailInterfaceController.swift */ = {isa = PBXFileReference; fileEncoding = 4; lastKnownFileType = sourcecode.swift; path = IssueDetailInterfaceController.swift; sourceTree = "<group>"; };
		9F23A5861B0B6DF600C76943 /* LoadMoreCell.swift */ = {isa = PBXFileReference; fileEncoding = 4; lastKnownFileType = sourcecode.swift; path = LoadMoreCell.swift; sourceTree = "<group>"; };
		9F23A5871B0B6DF600C76943 /* Member.swift */ = {isa = PBXFileReference; fileEncoding = 4; lastKnownFileType = sourcecode.swift; path = Member.swift; sourceTree = "<group>"; };
		9F23A5881B0B6DF600C76943 /* Node.swift */ = {isa = PBXFileReference; fileEncoding = 4; lastKnownFileType = sourcecode.swift; path = Node.swift; sourceTree = "<group>"; };
		9F23A5891B0B6DF600C76943 /* TimelineCell.swift */ = {isa = PBXFileReference; fileEncoding = 4; lastKnownFileType = sourcecode.swift; path = TimelineCell.swift; sourceTree = "<group>"; };
		9F23A58A1B0B6DF600C76943 /* TimelineInterfaceController.swift */ = {isa = PBXFileReference; fileEncoding = 4; lastKnownFileType = sourcecode.swift; path = TimelineInterfaceController.swift; sourceTree = "<group>"; };
		9F23A58B1B0B6DF600C76943 /* Utils.swift */ = {isa = PBXFileReference; fileEncoding = 4; lastKnownFileType = sourcecode.swift; path = Utils.swift; sourceTree = "<group>"; };
		CBC88DB937E48726F960C539 /* Pods-V2EX WatchKit Extension.release.xcconfig */ = {isa = PBXFileReference; includeInIndex = 1; lastKnownFileType = text.xcconfig; name = "Pods-V2EX WatchKit Extension.release.xcconfig"; path = "Pods/Target Support Files/Pods-V2EX WatchKit Extension/Pods-V2EX WatchKit Extension.release.xcconfig"; sourceTree = "<group>"; };
		E0D14835B4A66015B4D14868 /* Pods-V2EX WatchKit Extension.debug.xcconfig */ = {isa = PBXFileReference; includeInIndex = 1; lastKnownFileType = text.xcconfig; name = "Pods-V2EX WatchKit Extension.debug.xcconfig"; path = "Pods/Target Support Files/Pods-V2EX WatchKit Extension/Pods-V2EX WatchKit Extension.debug.xcconfig"; sourceTree = "<group>"; };
/* End PBXFileReference section */

/* Begin PBXFrameworksBuildPhase section */
		9F23A5351B0B6D7C00C76943 /* Frameworks */ = {
			isa = PBXFrameworksBuildPhase;
			buildActionMask = 2147483647;
			files = (
			);
			runOnlyForDeploymentPostprocessing = 0;
		};
		9F23A54A1B0B6D7C00C76943 /* Frameworks */ = {
			isa = PBXFrameworksBuildPhase;
			buildActionMask = 2147483647;
			files = (
			);
			runOnlyForDeploymentPostprocessing = 0;
		};
/* End PBXFrameworksBuildPhase section */

/* Begin PBXGroup section */
		716A2C025F603990555959FA /* Pods */ = {
			isa = PBXGroup;
			children = (
				E0D14835B4A66015B4D14868 /* Pods-V2EX WatchKit Extension.debug.xcconfig */,
				CBC88DB937E48726F960C539 /* Pods-V2EX WatchKit Extension.release.xcconfig */,
			);
			name = Pods;
			sourceTree = "<group>";
		};
		9F23A52F1B0B6D7C00C76943 = {
			isa = PBXGroup;
			children = (
				9F23A53A1B0B6D7C00C76943 /* V2EX */,
				9F23A5501B0B6D7C00C76943 /* V2EXTests */,
				9F23A5621B0B6D8400C76943 /* V2EX WatchKit Extension */,
				9F23A5721B0B6D8400C76943 /* V2EX WatchKit App */,
				9F23A5391B0B6D7C00C76943 /* Products */,
				716A2C025F603990555959FA /* Pods */,
				C1F2F0EEF9D30672E0895184 /* Frameworks */,
			);
			sourceTree = "<group>";
		};
		9F23A5391B0B6D7C00C76943 /* Products */ = {
			isa = PBXGroup;
			children = (
				9F23A5381B0B6D7C00C76943 /* V2EX.app */,
				9F23A54D1B0B6D7C00C76943 /* V2EXTests.xctest */,
				9F23A5611B0B6D8400C76943 /* V2EX WatchKit Extension.appex */,
				9F23A56E1B0B6D8400C76943 /* V2EX WatchKit App.app */,
			);
			name = Products;
			sourceTree = "<group>";
		};
		9F23A53A1B0B6D7C00C76943 /* V2EX */ = {
			isa = PBXGroup;
			children = (
				9F23A53D1B0B6D7C00C76943 /* AppDelegate.swift */,
				9F23A53F1B0B6D7C00C76943 /* ViewController.swift */,
				9F23A5411B0B6D7C00C76943 /* Main.storyboard */,
				9F23A5441B0B6D7C00C76943 /* Images.xcassets */,
				9F23A5461B0B6D7C00C76943 /* LaunchScreen.xib */,
				9F23A53B1B0B6D7C00C76943 /* Supporting Files */,
			);
			path = V2EX;
			sourceTree = "<group>";
		};
		9F23A53B1B0B6D7C00C76943 /* Supporting Files */ = {
			isa = PBXGroup;
			children = (
				9F23A53C1B0B6D7C00C76943 /* Info.plist */,
			);
			name = "Supporting Files";
			sourceTree = "<group>";
		};
		9F23A5501B0B6D7C00C76943 /* V2EXTests */ = {
			isa = PBXGroup;
			children = (
				9F23A5531B0B6D7C00C76943 /* V2EXTests.swift */,
				9F23A5511B0B6D7C00C76943 /* Supporting Files */,
			);
			path = V2EXTests;
			sourceTree = "<group>";
		};
		9F23A5511B0B6D7C00C76943 /* Supporting Files */ = {
			isa = PBXGroup;
			children = (
				9F23A5521B0B6D7C00C76943 /* Info.plist */,
			);
			name = "Supporting Files";
			sourceTree = "<group>";
		};
		9F23A5621B0B6D8400C76943 /* V2EX WatchKit Extension */ = {
			isa = PBXGroup;
			children = (
				9F23A5971B0B6E2B00C76943 /* Utils */,
				9F23A5941B0B6E0C00C76943 /* Controllers */,
				9F23A5961B0B6E2000C76943 /* Models */,
				9F23A5951B0B6E1600C76943 /* Views */,
				9F23A56A1B0B6D8400C76943 /* Images.xcassets */,
				9F23A5631B0B6D8400C76943 /* Supporting Files */,
			);
			path = "V2EX WatchKit Extension";
			sourceTree = "<group>";
		};
		9F23A5631B0B6D8400C76943 /* Supporting Files */ = {
			isa = PBXGroup;
			children = (
				9F23A5641B0B6D8400C76943 /* Info.plist */,
				9F23A5651B0B6D8400C76943 /* PushNotificationPayload.apns */,
			);
			name = "Supporting Files";
			sourceTree = "<group>";
		};
		9F23A5721B0B6D8400C76943 /* V2EX WatchKit App */ = {
			isa = PBXGroup;
			children = (
				9F23A5751B0B6D8400C76943 /* Interface.storyboard */,
				9F23A5781B0B6D8400C76943 /* Images.xcassets */,
				9F23A5731B0B6D8400C76943 /* Supporting Files */,
			);
			path = "V2EX WatchKit App";
			sourceTree = "<group>";
		};
		9F23A5731B0B6D8400C76943 /* Supporting Files */ = {
			isa = PBXGroup;
			children = (
				9F23A5741B0B6D8400C76943 /* Info.plist */,
			);
			name = "Supporting Files";
			sourceTree = "<group>";
		};
		9F23A5941B0B6E0C00C76943 /* Controllers */ = {
			isa = PBXGroup;
			children = (
				9F23A5661B0B6D8400C76943 /* InterfaceController.swift */,
				9F23A5851B0B6DF600C76943 /* IssueDetailInterfaceController.swift */,
				9F23A58A1B0B6DF600C76943 /* TimelineInterfaceController.swift */,
				9F23A5681B0B6D8400C76943 /* NotificationController.swift */,
			);
			name = Controllers;
			sourceTree = "<group>";
		};
		9F23A5951B0B6E1600C76943 /* Views */ = {
			isa = PBXGroup;
			children = (
				9F23A5861B0B6DF600C76943 /* LoadMoreCell.swift */,
				9F23A5891B0B6DF600C76943 /* TimelineCell.swift */,
			);
			name = Views;
			sourceTree = "<group>";
		};
		9F23A5961B0B6E2000C76943 /* Models */ = {
			isa = PBXGroup;
			children = (
				9F23A5841B0B6DF600C76943 /* Issue.swift */,
				9F23A5871B0B6DF600C76943 /* Member.swift */,
				9F23A5881B0B6DF600C76943 /* Node.swift */,
			);
			name = Models;
			sourceTree = "<group>";
		};
		9F23A5971B0B6E2B00C76943 /* Utils */ = {
			isa = PBXGroup;
			children = (
				9F23A58B1B0B6DF600C76943 /* Utils.swift */,
			);
			name = Utils;
			sourceTree = "<group>";
		};
		C1F2F0EEF9D30672E0895184 /* Frameworks */ = {
			isa = PBXGroup;
			children = (
				71A36BB714652B3915A22574 /* Pods_V2EX_WatchKit_Extension.framework */,
			);
			name = Frameworks;
			sourceTree = "<group>";
		};
/* End PBXGroup section */

/* Begin PBXNativeTarget section */
		9F23A5371B0B6D7C00C76943 /* V2EX */ = {
			isa = PBXNativeTarget;
			buildConfigurationList = 9F23A5571B0B6D7C00C76943 /* Build configuration list for PBXNativeTarget "V2EX" */;
			buildPhases = (
				9F23A5341B0B6D7C00C76943 /* Sources */,
				9F23A5351B0B6D7C00C76943 /* Frameworks */,
				9F23A5361B0B6D7C00C76943 /* Resources */,
				9F7C818F1B5C982500209FEC /* Embed Watch Content */,
			);
			buildRules = (
			);
			dependencies = (
				9F7C818C1B5C982500209FEC /* PBXTargetDependency */,
			);
			name = V2EX;
			productName = V2EX;
			productReference = 9F23A5381B0B6D7C00C76943 /* V2EX.app */;
			productType = "com.apple.product-type.application";
		};
		9F23A54C1B0B6D7C00C76943 /* V2EXTests */ = {
			isa = PBXNativeTarget;
			buildConfigurationList = 9F23A55A1B0B6D7C00C76943 /* Build configuration list for PBXNativeTarget "V2EXTests" */;
			buildPhases = (
				9F23A5491B0B6D7C00C76943 /* Sources */,
				9F23A54A1B0B6D7C00C76943 /* Frameworks */,
				9F23A54B1B0B6D7C00C76943 /* Resources */,
			);
			buildRules = (
			);
			dependencies = (
				9F23A54F1B0B6D7C00C76943 /* PBXTargetDependency */,
			);
			name = V2EXTests;
			productName = V2EXTests;
			productReference = 9F23A54D1B0B6D7C00C76943 /* V2EXTests.xctest */;
			productType = "com.apple.product-type.bundle.unit-test";
		};
		9F23A5601B0B6D8400C76943 /* V2EX WatchKit Extension */ = {
			isa = PBXNativeTarget;
			buildConfigurationList = 9F23A5801B0B6D8400C76943 /* Build configuration list for PBXNativeTarget "V2EX WatchKit Extension" */;
			buildPhases = (
				9F23A55D1B0B6D8400C76943 /* Sources */,
				9F23A55F1B0B6D8400C76943 /* Resources */,
			);
			buildRules = (
			);
			dependencies = (
			);
			name = "V2EX WatchKit Extension";
			productName = "V2EX WatchKit Extension";
			productReference = 9F23A5611B0B6D8400C76943 /* V2EX WatchKit Extension.appex */;
			productType = "com.apple.product-type.watchkit2-extension";
		};
		9F23A56D1B0B6D8400C76943 /* V2EX WatchKit App */ = {
			isa = PBXNativeTarget;
			buildConfigurationList = 9F23A57D1B0B6D8400C76943 /* Build configuration list for PBXNativeTarget "V2EX WatchKit App" */;
			buildPhases = (
				9F23A56C1B0B6D8400C76943 /* Resources */,
				9F7C818E1B5C982500209FEC /* Embed App Extensions */,
			);
			buildRules = (
			);
			dependencies = (
				9F7C81891B5C982500209FEC /* PBXTargetDependency */,
			);
			name = "V2EX WatchKit App";
			productName = "V2EX WatchKit App";
			productReference = 9F23A56E1B0B6D8400C76943 /* V2EX WatchKit App.app */;
			productType = "com.apple.product-type.application.watchapp2";
		};
/* End PBXNativeTarget section */

/* Begin PBXProject section */
		9F23A5301B0B6D7C00C76943 /* Project object */ = {
			isa = PBXProject;
			attributes = {
				LastSwiftMigration = 0700;
				LastSwiftUpdateCheck = 0700;
				LastUpgradeCheck = 0700;
				ORGANIZATIONNAME = esoftmobile.com;
				TargetAttributes = {
					9F23A5371B0B6D7C00C76943 = {
						CreatedOnToolsVersion = 6.3;
					};
					9F23A54C1B0B6D7C00C76943 = {
						CreatedOnToolsVersion = 6.3;
						TestTargetID = 9F23A5371B0B6D7C00C76943;
					};
					9F23A5601B0B6D8400C76943 = {
						CreatedOnToolsVersion = 6.3;
					};
					9F23A56D1B0B6D8400C76943 = {
						CreatedOnToolsVersion = 6.3;
					};
				};
			};
			buildConfigurationList = 9F23A5331B0B6D7C00C76943 /* Build configuration list for PBXProject "V2EX" */;
			compatibilityVersion = "Xcode 3.2";
			developmentRegion = English;
			hasScannedForEncodings = 0;
			knownRegions = (
				en,
				Base,
			);
			mainGroup = 9F23A52F1B0B6D7C00C76943;
			productRefGroup = 9F23A5391B0B6D7C00C76943 /* Products */;
			projectDirPath = "";
			projectRoot = "";
			targets = (
				9F23A5371B0B6D7C00C76943 /* V2EX */,
				9F23A54C1B0B6D7C00C76943 /* V2EXTests */,
				9F23A5601B0B6D8400C76943 /* V2EX WatchKit Extension */,
				9F23A56D1B0B6D8400C76943 /* V2EX WatchKit App */,
			);
		};
/* End PBXProject section */

/* Begin PBXResourcesBuildPhase section */
		9F23A5361B0B6D7C00C76943 /* Resources */ = {
			isa = PBXResourcesBuildPhase;
			buildActionMask = 2147483647;
			files = (
				9F23A5431B0B6D7C00C76943 /* Main.storyboard in Resources */,
				9F23A5481B0B6D7C00C76943 /* LaunchScreen.xib in Resources */,
				9F23A5451B0B6D7C00C76943 /* Images.xcassets in Resources */,
			);
			runOnlyForDeploymentPostprocessing = 0;
		};
		9F23A54B1B0B6D7C00C76943 /* Resources */ = {
			isa = PBXResourcesBuildPhase;
			buildActionMask = 2147483647;
			files = (
			);
			runOnlyForDeploymentPostprocessing = 0;
		};
		9F23A55F1B0B6D8400C76943 /* Resources */ = {
			isa = PBXResourcesBuildPhase;
			buildActionMask = 2147483647;
			files = (
				9F23A56B1B0B6D8400C76943 /* Images.xcassets in Resources */,
			);
			runOnlyForDeploymentPostprocessing = 0;
		};
		9F23A56C1B0B6D8400C76943 /* Resources */ = {
			isa = PBXResourcesBuildPhase;
			buildActionMask = 2147483647;
			files = (
				9F23A5771B0B6D8400C76943 /* Interface.storyboard in Resources */,
				9F23A5791B0B6D8400C76943 /* Images.xcassets in Resources */,
			);
			runOnlyForDeploymentPostprocessing = 0;
		};
/* End PBXResourcesBuildPhase section */

/* Begin PBXSourcesBuildPhase section */
		9F23A5341B0B6D7C00C76943 /* Sources */ = {
			isa = PBXSourcesBuildPhase;
			buildActionMask = 2147483647;
			files = (
				9F23A5401B0B6D7C00C76943 /* ViewController.swift in Sources */,
				9F23A53E1B0B6D7C00C76943 /* AppDelegate.swift in Sources */,
			);
			runOnlyForDeploymentPostprocessing = 0;
		};
		9F23A5491B0B6D7C00C76943 /* Sources */ = {
			isa = PBXSourcesBuildPhase;
			buildActionMask = 2147483647;
			files = (
				9F23A5541B0B6D7C00C76943 /* V2EXTests.swift in Sources */,
			);
			runOnlyForDeploymentPostprocessing = 0;
		};
		9F23A55D1B0B6D8400C76943 /* Sources */ = {
			isa = PBXSourcesBuildPhase;
			buildActionMask = 2147483647;
			files = (
				9F23A58D1B0B6DF600C76943 /* IssueDetailInterfaceController.swift in Sources */,
				9F23A58F1B0B6DF600C76943 /* Member.swift in Sources */,
				9F23A5691B0B6D8400C76943 /* NotificationController.swift in Sources */,
				9F23A5671B0B6D8400C76943 /* InterfaceController.swift in Sources */,
				9F23A5921B0B6DF600C76943 /* TimelineInterfaceController.swift in Sources */,
				9F23A5931B0B6DF600C76943 /* Utils.swift in Sources */,
				9F23A5911B0B6DF600C76943 /* TimelineCell.swift in Sources */,
				9F23A58E1B0B6DF600C76943 /* LoadMoreCell.swift in Sources */,
				9F23A58C1B0B6DF600C76943 /* Issue.swift in Sources */,
				9F23A5901B0B6DF600C76943 /* Node.swift in Sources */,
			);
			runOnlyForDeploymentPostprocessing = 0;
		};
/* End PBXSourcesBuildPhase section */

/* Begin PBXTargetDependency section */
		9F23A54F1B0B6D7C00C76943 /* PBXTargetDependency */ = {
			isa = PBXTargetDependency;
			target = 9F23A5371B0B6D7C00C76943 /* V2EX */;
			targetProxy = 9F23A54E1B0B6D7C00C76943 /* PBXContainerItemProxy */;
		};
		9F7C81891B5C982500209FEC /* PBXTargetDependency */ = {
			isa = PBXTargetDependency;
			target = 9F23A5601B0B6D8400C76943 /* V2EX WatchKit Extension */;
			targetProxy = 9F7C81881B5C982500209FEC /* PBXContainerItemProxy */;
		};
		9F7C818C1B5C982500209FEC /* PBXTargetDependency */ = {
			isa = PBXTargetDependency;
			target = 9F23A56D1B0B6D8400C76943 /* V2EX WatchKit App */;
			targetProxy = 9F7C818B1B5C982500209FEC /* PBXContainerItemProxy */;
		};
/* End PBXTargetDependency section */

/* Begin PBXVariantGroup section */
		9F23A5411B0B6D7C00C76943 /* Main.storyboard */ = {
			isa = PBXVariantGroup;
			children = (
				9F23A5421B0B6D7C00C76943 /* Base */,
			);
			name = Main.storyboard;
			sourceTree = "<group>";
		};
		9F23A5461B0B6D7C00C76943 /* LaunchScreen.xib */ = {
			isa = PBXVariantGroup;
			children = (
				9F23A5471B0B6D7C00C76943 /* Base */,
			);
			name = LaunchScreen.xib;
			sourceTree = "<group>";
		};
		9F23A5751B0B6D8400C76943 /* Interface.storyboard */ = {
			isa = PBXVariantGroup;
			children = (
				9F23A5761B0B6D8400C76943 /* Base */,
			);
			name = Interface.storyboard;
			sourceTree = "<group>";
		};
/* End PBXVariantGroup section */

/* Begin XCBuildConfiguration section */
		9F23A5551B0B6D7C00C76943 /* Debug */ = {
			isa = XCBuildConfiguration;
			buildSettings = {
				ALWAYS_SEARCH_USER_PATHS = NO;
				CLANG_CXX_LANGUAGE_STANDARD = "gnu++0x";
				CLANG_CXX_LIBRARY = "libc++";
				CLANG_ENABLE_MODULES = YES;
				CLANG_ENABLE_OBJC_ARC = YES;
				CLANG_WARN_BOOL_CONVERSION = YES;
				CLANG_WARN_CONSTANT_CONVERSION = YES;
				CLANG_WARN_DIRECT_OBJC_ISA_USAGE = YES_ERROR;
				CLANG_WARN_EMPTY_BODY = YES;
				CLANG_WARN_ENUM_CONVERSION = YES;
				CLANG_WARN_INT_CONVERSION = YES;
				CLANG_WARN_OBJC_ROOT_CLASS = YES_ERROR;
				CLANG_WARN_UNREACHABLE_CODE = YES;
				CLANG_WARN__DUPLICATE_METHOD_MATCH = YES;
				"CODE_SIGN_IDENTITY[sdk=iphoneos*]" = "iPhone Developer";
				COPY_PHASE_STRIP = NO;
				DEBUG_INFORMATION_FORMAT = "dwarf-with-dsym";
				ENABLE_STRICT_OBJC_MSGSEND = YES;
				ENABLE_TESTABILITY = YES;
				GCC_C_LANGUAGE_STANDARD = gnu99;
				GCC_DYNAMIC_NO_PIC = NO;
				GCC_NO_COMMON_BLOCKS = YES;
				GCC_OPTIMIZATION_LEVEL = 0;
				GCC_PREPROCESSOR_DEFINITIONS = (
					"DEBUG=1",
					"$(inherited)",
				);
				GCC_SYMBOLS_PRIVATE_EXTERN = NO;
				GCC_WARN_64_TO_32_BIT_CONVERSION = YES;
				GCC_WARN_ABOUT_RETURN_TYPE = YES_ERROR;
				GCC_WARN_UNDECLARED_SELECTOR = YES;
				GCC_WARN_UNINITIALIZED_AUTOS = YES_AGGRESSIVE;
				GCC_WARN_UNUSED_FUNCTION = YES;
				GCC_WARN_UNUSED_VARIABLE = YES;
				IPHONEOS_DEPLOYMENT_TARGET = 8.3;
				MTL_ENABLE_DEBUG_INFO = YES;
				ONLY_ACTIVE_ARCH = YES;
				SDKROOT = iphoneos;
				SWIFT_OPTIMIZATION_LEVEL = "-Onone";
			};
			name = Debug;
		};
		9F23A5561B0B6D7C00C76943 /* Release */ = {
			isa = XCBuildConfiguration;
			buildSettings = {
				ALWAYS_SEARCH_USER_PATHS = NO;
				CLANG_CXX_LANGUAGE_STANDARD = "gnu++0x";
				CLANG_CXX_LIBRARY = "libc++";
				CLANG_ENABLE_MODULES = YES;
				CLANG_ENABLE_OBJC_ARC = YES;
				CLANG_WARN_BOOL_CONVERSION = YES;
				CLANG_WARN_CONSTANT_CONVERSION = YES;
				CLANG_WARN_DIRECT_OBJC_ISA_USAGE = YES_ERROR;
				CLANG_WARN_EMPTY_BODY = YES;
				CLANG_WARN_ENUM_CONVERSION = YES;
				CLANG_WARN_INT_CONVERSION = YES;
				CLANG_WARN_OBJC_ROOT_CLASS = YES_ERROR;
				CLANG_WARN_UNREACHABLE_CODE = YES;
				CLANG_WARN__DUPLICATE_METHOD_MATCH = YES;
				"CODE_SIGN_IDENTITY[sdk=iphoneos*]" = "iPhone Developer";
				COPY_PHASE_STRIP = NO;
				DEBUG_INFORMATION_FORMAT = "dwarf-with-dsym";
				ENABLE_NS_ASSERTIONS = NO;
				ENABLE_STRICT_OBJC_MSGSEND = YES;
				GCC_C_LANGUAGE_STANDARD = gnu99;
				GCC_NO_COMMON_BLOCKS = YES;
				GCC_WARN_64_TO_32_BIT_CONVERSION = YES;
				GCC_WARN_ABOUT_RETURN_TYPE = YES_ERROR;
				GCC_WARN_UNDECLARED_SELECTOR = YES;
				GCC_WARN_UNINITIALIZED_AUTOS = YES_AGGRESSIVE;
				GCC_WARN_UNUSED_FUNCTION = YES;
				GCC_WARN_UNUSED_VARIABLE = YES;
				IPHONEOS_DEPLOYMENT_TARGET = 8.3;
				MTL_ENABLE_DEBUG_INFO = NO;
				SDKROOT = iphoneos;
				VALIDATE_PRODUCT = YES;
			};
			name = Release;
		};
		9F23A5581B0B6D7C00C76943 /* Debug */ = {
			isa = XCBuildConfiguration;
			buildSettings = {
				ASSETCATALOG_COMPILER_APPICON_NAME = AppIcon;
				INFOPLIST_FILE = V2EX/Info.plist;
				LD_RUNPATH_SEARCH_PATHS = "$(inherited) @executable_path/Frameworks";
				PRODUCT_BUNDLE_IDENTIFIER = "com.esoftmobile.$(PRODUCT_NAME:rfc1034identifier)";
				PRODUCT_NAME = "$(TARGET_NAME)";
			};
			name = Debug;
		};
		9F23A5591B0B6D7C00C76943 /* Release */ = {
			isa = XCBuildConfiguration;
			buildSettings = {
				ASSETCATALOG_COMPILER_APPICON_NAME = AppIcon;
				INFOPLIST_FILE = V2EX/Info.plist;
				LD_RUNPATH_SEARCH_PATHS = "$(inherited) @executable_path/Frameworks";
				PRODUCT_BUNDLE_IDENTIFIER = "com.esoftmobile.$(PRODUCT_NAME:rfc1034identifier)";
				PRODUCT_NAME = "$(TARGET_NAME)";
			};
			name = Release;
		};
		9F23A55B1B0B6D7C00C76943 /* Debug */ = {
			isa = XCBuildConfiguration;
			buildSettings = {
				BUNDLE_LOADER = "$(TEST_HOST)";
				FRAMEWORK_SEARCH_PATHS = (
					"$(SDKROOT)/Developer/Library/Frameworks",
					"$(inherited)",
				);
				GCC_PREPROCESSOR_DEFINITIONS = (
					"DEBUG=1",
					"$(inherited)",
				);
				INFOPLIST_FILE = V2EXTests/Info.plist;
				LD_RUNPATH_SEARCH_PATHS = "$(inherited) @executable_path/Frameworks @loader_path/Frameworks";
				PRODUCT_BUNDLE_IDENTIFIER = "com.esoftmobile.$(PRODUCT_NAME:rfc1034identifier)";
				PRODUCT_NAME = "$(TARGET_NAME)";
				TEST_HOST = "$(BUILT_PRODUCTS_DIR)/V2EX.app/V2EX";
			};
			name = Debug;
		};
		9F23A55C1B0B6D7C00C76943 /* Release */ = {
			isa = XCBuildConfiguration;
			buildSettings = {
				BUNDLE_LOADER = "$(TEST_HOST)";
				FRAMEWORK_SEARCH_PATHS = (
					"$(SDKROOT)/Developer/Library/Frameworks",
					"$(inherited)",
				);
				INFOPLIST_FILE = V2EXTests/Info.plist;
				LD_RUNPATH_SEARCH_PATHS = "$(inherited) @executable_path/Frameworks @loader_path/Frameworks";
				PRODUCT_BUNDLE_IDENTIFIER = "com.esoftmobile.$(PRODUCT_NAME:rfc1034identifier)";
				PRODUCT_NAME = "$(TARGET_NAME)";
				TEST_HOST = "$(BUILT_PRODUCTS_DIR)/V2EX.app/V2EX";
			};
			name = Release;
		};
		9F23A57E1B0B6D8400C76943 /* Debug */ = {
			isa = XCBuildConfiguration;
			buildSettings = {
				ASSETCATALOG_COMPILER_APPICON_NAME = AppIcon;
				EMBEDDED_CONTENT_CONTAINS_SWIFT = YES;
				GCC_PREPROCESSOR_DEFINITIONS = (
					"DEBUG=1",
					"$(inherited)",
				);
				IBSC_MODULE = V2EX_WatchKit_Extension;
				INFOPLIST_FILE = "V2EX WatchKit App/Info.plist";
				PRODUCT_BUNDLE_IDENTIFIER = com.esoftmobile.V2EX.watchkitapp;
				PRODUCT_NAME = "$(TARGET_NAME)";
				SDKROOT = watchos;
				SKIP_INSTALL = YES;
				TARGETED_DEVICE_FAMILY = 4;
				WATCHOS_DEPLOYMENT_TARGET = 2.0;
			};
			name = Debug;
		};
		9F23A57F1B0B6D8400C76943 /* Release */ = {
			isa = XCBuildConfiguration;
			buildSettings = {
				ASSETCATALOG_COMPILER_APPICON_NAME = AppIcon;
				EMBEDDED_CONTENT_CONTAINS_SWIFT = YES;
				IBSC_MODULE = V2EX_WatchKit_Extension;
				INFOPLIST_FILE = "V2EX WatchKit App/Info.plist";
				PRODUCT_BUNDLE_IDENTIFIER = com.esoftmobile.V2EX.watchkitapp;
				PRODUCT_NAME = "$(TARGET_NAME)";
				SDKROOT = watchos;
				SKIP_INSTALL = YES;
				TARGETED_DEVICE_FAMILY = 4;
				WATCHOS_DEPLOYMENT_TARGET = 2.0;
			};
			name = Release;
		};
		9F23A5811B0B6D8400C76943 /* Debug */ = {
			isa = XCBuildConfiguration;
			buildSettings = {
				GCC_PREPROCESSOR_DEFINITIONS = (
					"DEBUG=1",
					"$(inherited)",
				);
				INFOPLIST_FILE = "V2EX WatchKit Extension/Info.plist";
				LD_RUNPATH_SEARCH_PATHS = "$(inherited) @executable_path/Frameworks @executable_path/../../Frameworks";
				PRODUCT_BUNDLE_IDENTIFIER = com.esoftmobile.V2EX.watchkitapp.watchkitextension;
				PRODUCT_NAME = "${TARGET_NAME}";
				SDKROOT = watchos;
				SKIP_INSTALL = YES;
				TARGETED_DEVICE_FAMILY = 4;
				WATCHOS_DEPLOYMENT_TARGET = 2.0;
			};
			name = Debug;
		};
		9F23A5821B0B6D8400C76943 /* Release */ = {
			isa = XCBuildConfiguration;
			buildSettings = {
				INFOPLIST_FILE = "V2EX WatchKit Extension/Info.plist";
				LD_RUNPATH_SEARCH_PATHS = "$(inherited) @executable_path/Frameworks @executable_path/../../Frameworks";
				PRODUCT_BUNDLE_IDENTIFIER = com.esoftmobile.V2EX.watchkitapp.watchkitextension;
				PRODUCT_NAME = "${TARGET_NAME}";
				SDKROOT = watchos;
				SKIP_INSTALL = YES;
				TARGETED_DEVICE_FAMILY = 4;
				WATCHOS_DEPLOYMENT_TARGET = 2.0;
			};
			name = Release;
		};
/* End XCBuildConfiguration section */

/* Begin XCConfigurationList section */
		9F23A5331B0B6D7C00C76943 /* Build configuration list for PBXProject "V2EX" */ = {
			isa = XCConfigurationList;
			buildConfigurations = (
				9F23A5551B0B6D7C00C76943 /* Debug */,
				9F23A5561B0B6D7C00C76943 /* Release */,
			);
			defaultConfigurationIsVisible = 0;
			defaultConfigurationName = Release;
		};
		9F23A5571B0B6D7C00C76943 /* Build configuration list for PBXNativeTarget "V2EX" */ = {
			isa = XCConfigurationList;
			buildConfigurations = (
				9F23A5581B0B6D7C00C76943 /* Debug */,
				9F23A5591B0B6D7C00C76943 /* Release */,
			);
			defaultConfigurationIsVisible = 0;
			defaultConfigurationName = Release;
		};
		9F23A55A1B0B6D7C00C76943 /* Build configuration list for PBXNativeTarget "V2EXTests" */ = {
			isa = XCConfigurationList;
			buildConfigurations = (
				9F23A55B1B0B6D7C00C76943 /* Debug */,
				9F23A55C1B0B6D7C00C76943 /* Release */,
			);
			defaultConfigurationIsVisible = 0;
			defaultConfigurationName = Release;
		};
		9F23A57D1B0B6D8400C76943 /* Build configuration list for PBXNativeTarget "V2EX WatchKit App" */ = {
			isa = XCConfigurationList;
			buildConfigurations = (
				9F23A57E1B0B6D8400C76943 /* Debug */,
				9F23A57F1B0B6D8400C76943 /* Release */,
			);
			defaultConfigurationIsVisible = 0;
			defaultConfigurationName = Release;
		};
		9F23A5801B0B6D8400C76943 /* Build configuration list for PBXNativeTarget "V2EX WatchKit Extension" */ = {
			isa = XCConfigurationList;
			buildConfigurations = (
				9F23A5811B0B6D8400C76943 /* Debug */,
				9F23A5821B0B6D8400C76943 /* Release */,
			);
			defaultConfigurationIsVisible = 0;
			defaultConfigurationName = Release;
		};
/* End XCConfigurationList section */
	};
	rootObject = 9F23A5301B0B6D7C00C76943 /* Project object */;
}
